// !$*UTF8*$!
{
	archiveVersion = 1;
	classes = {
	};
	objectVersion = 55;
	objects = {

/* Begin PBXBuildFile section */
		13E7EE63288ABD9F001090EC /* LocalizingFile.strings in Resources */ = {isa = PBXBuildFile; fileRef = 13E7EE65288ABD9F001090EC /* LocalizingFile.strings */; };
		2241F11B288AB1900044E704 /* OnBoardingSecondStepController.swift in Sources */ = {isa = PBXBuildFile; fileRef = 2241F118288AB1900044E704 /* OnBoardingSecondStepController.swift */; };
		2241F11C288AB1900044E704 /* OnBoardingViewController.swift in Sources */ = {isa = PBXBuildFile; fileRef = 2241F119288AB1900044E704 /* OnBoardingViewController.swift */; };
		2241F11D288AB1900044E704 /* OnBoardingFirstStepController.swift in Sources */ = {isa = PBXBuildFile; fileRef = 2241F11A288AB1900044E704 /* OnBoardingFirstStepController.swift */; };
		2241F125288AB2010044E704 /* SpoqaHanSansNeo-Regular.ttf in Resources */ = {isa = PBXBuildFile; fileRef = 2241F120288AB2010044E704 /* SpoqaHanSansNeo-Regular.ttf */; };
		2241F126288AB2010044E704 /* SpoqaHanSansNeo-Medium.ttf in Resources */ = {isa = PBXBuildFile; fileRef = 2241F121288AB2010044E704 /* SpoqaHanSansNeo-Medium.ttf */; };
		2241F127288AB2010044E704 /* SpoqaHanSansNeo-Light.ttf in Resources */ = {isa = PBXBuildFile; fileRef = 2241F122288AB2010044E704 /* SpoqaHanSansNeo-Light.ttf */; };
		2241F128288AB2010044E704 /* SpoqaHanSansNeo-Bold.ttf in Resources */ = {isa = PBXBuildFile; fileRef = 2241F123288AB2010044E704 /* SpoqaHanSansNeo-Bold.ttf */; };
		2241F129288AB2010044E704 /* SpoqaHanSansNeo-Thin.ttf in Resources */ = {isa = PBXBuildFile; fileRef = 2241F124288AB2010044E704 /* SpoqaHanSansNeo-Thin.ttf */; };
		2241F12E288AB37F0044E704 /* SiteCollectionView.storyboard in Resources */ = {isa = PBXBuildFile; fileRef = 2241F12A288AB37E0044E704 /* SiteCollectionView.storyboard */; };
		2241F12F288AB37F0044E704 /* SiteModel.swift in Sources */ = {isa = PBXBuildFile; fileRef = 2241F12B288AB37E0044E704 /* SiteModel.swift */; };
		2241F130288AB37F0044E704 /* SiteViewController.swift in Sources */ = {isa = PBXBuildFile; fileRef = 2241F12C288AB37E0044E704 /* SiteViewController.swift */; };
		2241F131288AB37F0044E704 /* SiteCell.swift in Sources */ = {isa = PBXBuildFile; fileRef = 2241F12D288AB37F0044E704 /* SiteCell.swift */; };
		224AAF4328813A0F0053E66A /* AppDelegate.swift in Sources */ = {isa = PBXBuildFile; fileRef = 224AAF4228813A0F0053E66A /* AppDelegate.swift */; };
		224AAF4528813A0F0053E66A /* SceneDelegate.swift in Sources */ = {isa = PBXBuildFile; fileRef = 224AAF4428813A0F0053E66A /* SceneDelegate.swift */; };
		224AAF4728813A0F0053E66A /* ViewController.swift in Sources */ = {isa = PBXBuildFile; fileRef = 224AAF4628813A0F0053E66A /* ViewController.swift */; };
		224AAF4A28813A0F0053E66A /* Main.storyboard in Resources */ = {isa = PBXBuildFile; fileRef = 224AAF4828813A0F0053E66A /* Main.storyboard */; };
		224AAF4F28813A110053E66A /* Assets.xcassets in Resources */ = {isa = PBXBuildFile; fileRef = 224AAF4E28813A110053E66A /* Assets.xcassets */; };
		224AAF5228813A110053E66A /* LaunchScreen.storyboard in Resources */ = {isa = PBXBuildFile; fileRef = 224AAF5028813A110053E66A /* LaunchScreen.storyboard */; };
		22801DA628912553009B955E /* Present.swift in Sources */ = {isa = PBXBuildFile; fileRef = 22801DA528912553009B955E /* Present.swift */; };
		22950155288FB87F0050BE44 /* GoogleService-Info.plist in Resources */ = {isa = PBXBuildFile; fileRef = 22950154288FB87F0050BE44 /* GoogleService-Info.plist */; };
		22E1AD49288FDAAD0031E911 /* GoogleService-Info.plist in Resources */ = {isa = PBXBuildFile; fileRef = 22E1AD48288FDAAD0031E911 /* GoogleService-Info.plist */; };
		22EEF862288FE13F0046ECB8 /* Home.storyboard in Resources */ = {isa = PBXBuildFile; fileRef = 22EEF861288FE13F0046ECB8 /* Home.storyboard */; };
		2FE866EE288E7061002242B0 /* MapCell.swift in Sources */ = {isa = PBXBuildFile; fileRef = 2FE866E8288E7060002242B0 /* MapCell.swift */; };
		2FE866EF288E7061002242B0 /* HeaderView.swift in Sources */ = {isa = PBXBuildFile; fileRef = 2FE866E9288E7060002242B0 /* HeaderView.swift */; };
		2FE866F0288E7061002242B0 /* CardDetailView.swift in Sources */ = {isa = PBXBuildFile; fileRef = 2FE866EA288E7060002242B0 /* CardDetailView.swift */; };
		2FE866F2288E7061002242B0 /* ContentsCell.swift in Sources */ = {isa = PBXBuildFile; fileRef = 2FE866EC288E7060002242B0 /* ContentsCell.swift */; };
		2FE866F3288E7061002242B0 /* KeywordCell.swift in Sources */ = {isa = PBXBuildFile; fileRef = 2FE866ED288E7061002242B0 /* KeywordCell.swift */; };
		2FE866F5288E7103002242B0 /* DummyData.swift in Sources */ = {isa = PBXBuildFile; fileRef = 2FE866F4288E7103002242B0 /* DummyData.swift */; };
		2FE86705288E7258002242B0 /* CardDetailViewController.swift in Sources */ = {isa = PBXBuildFile; fileRef = 2FE86704288E7258002242B0 /* CardDetailViewController.swift */; };
		5DA0A056288A82DC00066653 /* MakeCard.storyboard in Resources */ = {isa = PBXBuildFile; fileRef = 5DDD60F528854AEE0077742D /* MakeCard.storyboard */; };
		5DB7C00B2888552F003BB5EF /* MakeCardStoryViewController.swift in Sources */ = {isa = PBXBuildFile; fileRef = 5DB7C00A2888552F003BB5EF /* MakeCardStoryViewController.swift */; };
		5DDD60F028853EC40077742D /* MakeCardDescriptionViewController.swift in Sources */ = {isa = PBXBuildFile; fileRef = 5DDD60EF28853EC40077742D /* MakeCardDescriptionViewController.swift */; };
		5DDD60F228853FC80077742D /* PhotoCollectionCell.swift in Sources */ = {isa = PBXBuildFile; fileRef = 5DDD60F128853FC80077742D /* PhotoCollectionCell.swift */; };
		5DDD60FA2885CBE50077742D /* KeywordCollectionCell.swift in Sources */ = {isa = PBXBuildFile; fileRef = 5DDD60F92885CBE50077742D /* KeywordCollectionCell.swift */; };
		6E27CDAC288E61E9009B9691 /* ShareButton+Extension.swift in Sources */ = {isa = PBXBuildFile; fileRef = 6E27CDAB288E61E9009B9691 /* ShareButton+Extension.swift */; };
		6E27CDAE288E621F009B9691 /* AbleShareKaKao.swift in Sources */ = {isa = PBXBuildFile; fileRef = 6E27CDAD288E621F009B9691 /* AbleShareKaKao.swift */; };
		6E94A3DF28853B500076E703 /* DidCardShare.storyboard in Resources */ = {isa = PBXBuildFile; fileRef = 6E94A3DE28853B500076E703 /* DidCardShare.storyboard */; };
		6E94A3E128853B8F0076E703 /* DidCardShareViewController.swift in Sources */ = {isa = PBXBuildFile; fileRef = 6E94A3E028853B8F0076E703 /* DidCardShareViewController.swift */; };
		6E94A3E328853C380076E703 /* DidPresent.storyboard in Resources */ = {isa = PBXBuildFile; fileRef = 6E94A3E228853C380076E703 /* DidPresent.storyboard */; };
		6E94A3E528853C4A0076E703 /* DidPresentViewController.swift in Sources */ = {isa = PBXBuildFile; fileRef = 6E94A3E428853C4A0076E703 /* DidPresentViewController.swift */; };
		73215E16288FC32C003AD7E7 /* Hero in Frameworks */ = {isa = PBXBuildFile; productRef = 73215E15288FC32C003AD7E7 /* Hero */; };
		7355FEE5288708B0009F32E3 /* YPImagePicker in Frameworks */ = {isa = PBXBuildFile; productRef = 7355FEE4288708B0009F32E3 /* YPImagePicker */; };
		736D28742885331D00F95DFD /* CardCell.swift in Sources */ = {isa = PBXBuildFile; fileRef = 736D28732885331D00F95DFD /* CardCell.swift */; };
		736D28872885434800F95DFD /* HomeViewController.swift in Sources */ = {isa = PBXBuildFile; fileRef = 736D28862885434800F95DFD /* HomeViewController.swift */; };
		736D2889288547F000F95DFD /* CardListView.swift in Sources */ = {isa = PBXBuildFile; fileRef = 736D2888288547F000F95DFD /* CardListView.swift */; };
		736D288C28854CAE00F95DFD /* CardListViewModel.swift in Sources */ = {isa = PBXBuildFile; fileRef = 736D288B28854CAE00F95DFD /* CardListViewModel.swift */; };
		736D288F288673B000F95DFD /* RxCocoa in Frameworks */ = {isa = PBXBuildFile; productRef = 736D288E288673B000F95DFD /* RxCocoa */; };
		736D2891288673B000F95DFD /* RxSwift in Frameworks */ = {isa = PBXBuildFile; productRef = 736D2890288673B000F95DFD /* RxSwift */; };
		B083B41DB048D76AEBF92F4D /* Pods_Yetda.framework in Frameworks */ = {isa = PBXBuildFile; fileRef = F20D45ACE0529691DB71925A /* Pods_Yetda.framework */; };
/* End PBXBuildFile section */

/* Begin PBXFileReference section */
		13E7EE61288ABD7F001090EC /* ko */ = {isa = PBXFileReference; lastKnownFileType = text.plist.strings; name = ko; path = ko.lproj/Main.strings; sourceTree = "<group>"; };
		13E7EE62288ABD7F001090EC /* ko */ = {isa = PBXFileReference; lastKnownFileType = text.plist.strings; name = ko; path = ko.lproj/LaunchScreen.strings; sourceTree = "<group>"; };
		13E7EE64288ABD9F001090EC /* ko */ = {isa = PBXFileReference; lastKnownFileType = text.plist.strings; name = ko; path = ko.lproj/LocalizingFile.strings; sourceTree = "<group>"; };
		13E7EE66288ABDA6001090EC /* en */ = {isa = PBXFileReference; lastKnownFileType = text.plist.strings; name = en; path = en.lproj/LocalizingFile.strings; sourceTree = "<group>"; };
		2241F118288AB1900044E704 /* OnBoardingSecondStepController.swift */ = {isa = PBXFileReference; fileEncoding = 4; lastKnownFileType = sourcecode.swift; path = OnBoardingSecondStepController.swift; sourceTree = "<group>"; };
		2241F119288AB1900044E704 /* OnBoardingViewController.swift */ = {isa = PBXFileReference; fileEncoding = 4; lastKnownFileType = sourcecode.swift; path = OnBoardingViewController.swift; sourceTree = "<group>"; };
		2241F11A288AB1900044E704 /* OnBoardingFirstStepController.swift */ = {isa = PBXFileReference; fileEncoding = 4; lastKnownFileType = sourcecode.swift; path = OnBoardingFirstStepController.swift; sourceTree = "<group>"; };
		2241F120288AB2010044E704 /* SpoqaHanSansNeo-Regular.ttf */ = {isa = PBXFileReference; lastKnownFileType = file; path = "SpoqaHanSansNeo-Regular.ttf"; sourceTree = "<group>"; };
		2241F121288AB2010044E704 /* SpoqaHanSansNeo-Medium.ttf */ = {isa = PBXFileReference; lastKnownFileType = file; path = "SpoqaHanSansNeo-Medium.ttf"; sourceTree = "<group>"; };
		2241F122288AB2010044E704 /* SpoqaHanSansNeo-Light.ttf */ = {isa = PBXFileReference; lastKnownFileType = file; path = "SpoqaHanSansNeo-Light.ttf"; sourceTree = "<group>"; };
		2241F123288AB2010044E704 /* SpoqaHanSansNeo-Bold.ttf */ = {isa = PBXFileReference; lastKnownFileType = file; path = "SpoqaHanSansNeo-Bold.ttf"; sourceTree = "<group>"; };
		2241F124288AB2010044E704 /* SpoqaHanSansNeo-Thin.ttf */ = {isa = PBXFileReference; lastKnownFileType = file; path = "SpoqaHanSansNeo-Thin.ttf"; sourceTree = "<group>"; };
		2241F12A288AB37E0044E704 /* SiteCollectionView.storyboard */ = {isa = PBXFileReference; fileEncoding = 4; lastKnownFileType = file.storyboard; path = SiteCollectionView.storyboard; sourceTree = "<group>"; };
		2241F12B288AB37E0044E704 /* SiteModel.swift */ = {isa = PBXFileReference; fileEncoding = 4; lastKnownFileType = sourcecode.swift; path = SiteModel.swift; sourceTree = "<group>"; };
		2241F12C288AB37E0044E704 /* SiteViewController.swift */ = {isa = PBXFileReference; fileEncoding = 4; lastKnownFileType = sourcecode.swift; path = SiteViewController.swift; sourceTree = "<group>"; };
		2241F12D288AB37F0044E704 /* SiteCell.swift */ = {isa = PBXFileReference; fileEncoding = 4; lastKnownFileType = sourcecode.swift; path = SiteCell.swift; sourceTree = "<group>"; };
		224AAF3F28813A0F0053E66A /* Yetda.app */ = {isa = PBXFileReference; explicitFileType = wrapper.application; includeInIndex = 0; path = Yetda.app; sourceTree = BUILT_PRODUCTS_DIR; };
		224AAF4228813A0F0053E66A /* AppDelegate.swift */ = {isa = PBXFileReference; lastKnownFileType = sourcecode.swift; path = AppDelegate.swift; sourceTree = "<group>"; };
		224AAF4428813A0F0053E66A /* SceneDelegate.swift */ = {isa = PBXFileReference; lastKnownFileType = sourcecode.swift; path = SceneDelegate.swift; sourceTree = "<group>"; };
		224AAF4628813A0F0053E66A /* ViewController.swift */ = {isa = PBXFileReference; lastKnownFileType = sourcecode.swift; path = ViewController.swift; sourceTree = "<group>"; };
		224AAF4928813A0F0053E66A /* Base */ = {isa = PBXFileReference; lastKnownFileType = file.storyboard; name = Base; path = Base.lproj/Main.storyboard; sourceTree = "<group>"; };
		224AAF4E28813A110053E66A /* Assets.xcassets */ = {isa = PBXFileReference; lastKnownFileType = folder.assetcatalog; path = Assets.xcassets; sourceTree = "<group>"; };
		224AAF5128813A110053E66A /* Base */ = {isa = PBXFileReference; lastKnownFileType = file.storyboard; name = Base; path = Base.lproj/LaunchScreen.storyboard; sourceTree = "<group>"; };
		224AAF5328813A110053E66A /* Info.plist */ = {isa = PBXFileReference; lastKnownFileType = text.plist.xml; path = Info.plist; sourceTree = "<group>"; };
		22801DA528912553009B955E /* Present.swift */ = {isa = PBXFileReference; lastKnownFileType = sourcecode.swift; path = Present.swift; sourceTree = "<group>"; };
		22950154288FB87F0050BE44 /* GoogleService-Info.plist */ = {isa = PBXFileReference; fileEncoding = 4; lastKnownFileType = text.plist.xml; path = "GoogleService-Info.plist"; sourceTree = "<group>"; };
		22A72FBD2890C71500FC3B96 /* Yetda.entitlements */ = {isa = PBXFileReference; lastKnownFileType = text.plist.entitlements; path = Yetda.entitlements; sourceTree = "<group>"; };
		22E1AD48288FDAAD0031E911 /* GoogleService-Info.plist */ = {isa = PBXFileReference; fileEncoding = 4; lastKnownFileType = text.plist.xml; path = "GoogleService-Info.plist"; sourceTree = "<group>"; };
		22EEF861288FE13F0046ECB8 /* Home.storyboard */ = {isa = PBXFileReference; lastKnownFileType = file.storyboard; path = Home.storyboard; sourceTree = "<group>"; };
		2FE866E8288E7060002242B0 /* MapCell.swift */ = {isa = PBXFileReference; fileEncoding = 4; lastKnownFileType = sourcecode.swift; path = MapCell.swift; sourceTree = "<group>"; };
		2FE866E9288E7060002242B0 /* HeaderView.swift */ = {isa = PBXFileReference; fileEncoding = 4; lastKnownFileType = sourcecode.swift; path = HeaderView.swift; sourceTree = "<group>"; };
		2FE866EA288E7060002242B0 /* CardDetailView.swift */ = {isa = PBXFileReference; fileEncoding = 4; lastKnownFileType = sourcecode.swift; path = CardDetailView.swift; sourceTree = "<group>"; };
		2FE866EC288E7060002242B0 /* ContentsCell.swift */ = {isa = PBXFileReference; fileEncoding = 4; lastKnownFileType = sourcecode.swift; path = ContentsCell.swift; sourceTree = "<group>"; };
		2FE866ED288E7061002242B0 /* KeywordCell.swift */ = {isa = PBXFileReference; fileEncoding = 4; lastKnownFileType = sourcecode.swift; path = KeywordCell.swift; sourceTree = "<group>"; };
		2FE866F4288E7103002242B0 /* DummyData.swift */ = {isa = PBXFileReference; fileEncoding = 4; lastKnownFileType = sourcecode.swift; path = DummyData.swift; sourceTree = "<group>"; };
		2FE86704288E7258002242B0 /* CardDetailViewController.swift */ = {isa = PBXFileReference; fileEncoding = 4; lastKnownFileType = sourcecode.swift; path = CardDetailViewController.swift; sourceTree = "<group>"; };
		5DB7C00A2888552F003BB5EF /* MakeCardStoryViewController.swift */ = {isa = PBXFileReference; lastKnownFileType = sourcecode.swift; path = MakeCardStoryViewController.swift; sourceTree = "<group>"; };
		5DDD60EF28853EC40077742D /* MakeCardDescriptionViewController.swift */ = {isa = PBXFileReference; lastKnownFileType = sourcecode.swift; path = MakeCardDescriptionViewController.swift; sourceTree = "<group>"; };
		5DDD60F128853FC80077742D /* PhotoCollectionCell.swift */ = {isa = PBXFileReference; lastKnownFileType = sourcecode.swift; path = PhotoCollectionCell.swift; sourceTree = "<group>"; };
		5DDD60F528854AEE0077742D /* MakeCard.storyboard */ = {isa = PBXFileReference; fileEncoding = 4; lastKnownFileType = file.storyboard; path = MakeCard.storyboard; sourceTree = "<group>"; };
		5DDD60F92885CBE50077742D /* KeywordCollectionCell.swift */ = {isa = PBXFileReference; lastKnownFileType = sourcecode.swift; path = KeywordCollectionCell.swift; sourceTree = "<group>"; };
		6E27CDAB288E61E9009B9691 /* ShareButton+Extension.swift */ = {isa = PBXFileReference; lastKnownFileType = sourcecode.swift; path = "ShareButton+Extension.swift"; sourceTree = "<group>"; };
		6E27CDAD288E621F009B9691 /* AbleShareKaKao.swift */ = {isa = PBXFileReference; lastKnownFileType = sourcecode.swift; path = AbleShareKaKao.swift; sourceTree = "<group>"; };
		6E94A3DE28853B500076E703 /* DidCardShare.storyboard */ = {isa = PBXFileReference; lastKnownFileType = file.storyboard; path = DidCardShare.storyboard; sourceTree = "<group>"; };
		6E94A3E028853B8F0076E703 /* DidCardShareViewController.swift */ = {isa = PBXFileReference; lastKnownFileType = sourcecode.swift; path = DidCardShareViewController.swift; sourceTree = "<group>"; };
		6E94A3E228853C380076E703 /* DidPresent.storyboard */ = {isa = PBXFileReference; lastKnownFileType = file.storyboard; path = DidPresent.storyboard; sourceTree = "<group>"; };
		6E94A3E428853C4A0076E703 /* DidPresentViewController.swift */ = {isa = PBXFileReference; lastKnownFileType = sourcecode.swift; path = DidPresentViewController.swift; sourceTree = "<group>"; };
		736D28732885331D00F95DFD /* CardCell.swift */ = {isa = PBXFileReference; lastKnownFileType = sourcecode.swift; path = CardCell.swift; sourceTree = "<group>"; };
		736D28862885434800F95DFD /* HomeViewController.swift */ = {isa = PBXFileReference; lastKnownFileType = sourcecode.swift; path = HomeViewController.swift; sourceTree = "<group>"; };
		736D2888288547F000F95DFD /* CardListView.swift */ = {isa = PBXFileReference; lastKnownFileType = sourcecode.swift; path = CardListView.swift; sourceTree = "<group>"; };
		736D288B28854CAE00F95DFD /* CardListViewModel.swift */ = {isa = PBXFileReference; lastKnownFileType = sourcecode.swift; path = CardListViewModel.swift; sourceTree = "<group>"; };
		A865A8426A67AA1E49E256C4 /* Pods-Yetda.release.xcconfig */ = {isa = PBXFileReference; includeInIndex = 1; lastKnownFileType = text.xcconfig; name = "Pods-Yetda.release.xcconfig"; path = "Target Support Files/Pods-Yetda/Pods-Yetda.release.xcconfig"; sourceTree = "<group>"; };
		DA592800ABB67C10E0BDC69C /* Pods-Yetda.debug.xcconfig */ = {isa = PBXFileReference; includeInIndex = 1; lastKnownFileType = text.xcconfig; name = "Pods-Yetda.debug.xcconfig"; path = "Target Support Files/Pods-Yetda/Pods-Yetda.debug.xcconfig"; sourceTree = "<group>"; };
		F20D45ACE0529691DB71925A /* Pods_Yetda.framework */ = {isa = PBXFileReference; explicitFileType = wrapper.framework; includeInIndex = 0; path = Pods_Yetda.framework; sourceTree = BUILT_PRODUCTS_DIR; };
/* End PBXFileReference section */

/* Begin PBXFrameworksBuildPhase section */
		224AAF3C28813A0F0053E66A /* Frameworks */ = {
			isa = PBXFrameworksBuildPhase;
			buildActionMask = 2147483647;
			files = (
				736D2891288673B000F95DFD /* RxSwift in Frameworks */,
				7355FEE5288708B0009F32E3 /* YPImagePicker in Frameworks */,
				736D288F288673B000F95DFD /* RxCocoa in Frameworks */,
				73215E16288FC32C003AD7E7 /* Hero in Frameworks */,
				B083B41DB048D76AEBF92F4D /* Pods_Yetda.framework in Frameworks */,
			);
			runOnlyForDeploymentPostprocessing = 0;
		};
/* End PBXFrameworksBuildPhase section */

/* Begin PBXGroup section */
		2241F11E288AB1D00044E704 /* Model */ = {
			isa = PBXGroup;
			children = (
				22801DA528912553009B955E /* Present.swift */,
			);
			path = Model;
			sourceTree = "<group>";
		};
		2241F11F288AB2010044E704 /* Font */ = {
			isa = PBXGroup;
			children = (
				2241F120288AB2010044E704 /* SpoqaHanSansNeo-Regular.ttf */,
				2241F121288AB2010044E704 /* SpoqaHanSansNeo-Medium.ttf */,
				2241F122288AB2010044E704 /* SpoqaHanSansNeo-Light.ttf */,
				2241F123288AB2010044E704 /* SpoqaHanSansNeo-Bold.ttf */,
				2241F124288AB2010044E704 /* SpoqaHanSansNeo-Thin.ttf */,
			);
			path = Font;
			sourceTree = "<group>";
		};
		224AAF3628813A0F0053E66A = {
			isa = PBXGroup;
			children = (
				224AAF4128813A0F0053E66A /* Yetda */,
				224AAF4028813A0F0053E66A /* Products */,
				26D4EAE00CF428049DCF6A7B /* Pods */,
				59B03FDE4B6B2CF887C6BC8D /* Frameworks */,
			);
			sourceTree = "<group>";
		};
		224AAF4028813A0F0053E66A /* Products */ = {
			isa = PBXGroup;
			children = (
				224AAF3F28813A0F0053E66A /* Yetda.app */,
			);
			name = Products;
			sourceTree = "<group>";
		};
		224AAF4128813A0F0053E66A /* Yetda */ = {
			isa = PBXGroup;
			children = (
				22A72FBD2890C71500FC3B96 /* Yetda.entitlements */,
				22B25D81288E7FC900936EAD /* CardDetail */,
				22B25D80288E7FB100936EAD /* Site */,
				22B25D7F288E7F9500936EAD /* MakeCard */,
				2241F11F288AB2010044E704 /* Font */,
				22B25D7E288E7F4700936EAD /* Home */,
				22B25D7D288E7F2300936EAD /* Sharing */,
				2241F11E288AB1D00044E704 /* Model */,
				736D28762885334400F95DFD /* OnBoarding */,
				224AAF4228813A0F0053E66A /* AppDelegate.swift */,
				224AAF4428813A0F0053E66A /* SceneDelegate.swift */,
				224AAF4628813A0F0053E66A /* ViewController.swift */,
				224AAF4828813A0F0053E66A /* Main.storyboard */,
				13E7EE65288ABD9F001090EC /* LocalizingFile.strings */,
				224AAF4E28813A110053E66A /* Assets.xcassets */,
				224AAF5028813A110053E66A /* LaunchScreen.storyboard */,
				224AAF5328813A110053E66A /* Info.plist */,
				22E1AD48288FDAAD0031E911 /* GoogleService-Info.plist */,
				22950154288FB87F0050BE44 /* GoogleService-Info.plist */,
			);
			path = Yetda;
			sourceTree = "<group>";
		};
		22B25D7D288E7F2300936EAD /* Sharing */ = {
			isa = PBXGroup;
			children = (
				6E94A3DE28853B500076E703 /* DidCardShare.storyboard */,
				6E94A3E228853C380076E703 /* DidPresent.storyboard */,
				6E94A3E028853B8F0076E703 /* DidCardShareViewController.swift */,
				6E94A3E428853C4A0076E703 /* DidPresentViewController.swift */,
				6E27CDAB288E61E9009B9691 /* ShareButton+Extension.swift */,
				6E27CDAD288E621F009B9691 /* AbleShareKaKao.swift */,
			);
			path = Sharing;
			sourceTree = "<group>";
		};
		22B25D7E288E7F4700936EAD /* Home */ = {
			isa = PBXGroup;
			children = (
				736D288B28854CAE00F95DFD /* CardListViewModel.swift */,
				736D28862885434800F95DFD /* HomeViewController.swift */,
				736D28732885331D00F95DFD /* CardCell.swift */,
				736D2888288547F000F95DFD /* CardListView.swift */,
				22EEF861288FE13F0046ECB8 /* Home.storyboard */,
			);
			path = Home;
			sourceTree = "<group>";
		};
		22B25D7F288E7F9500936EAD /* MakeCard */ = {
			isa = PBXGroup;
			children = (
				5DB7C00A2888552F003BB5EF /* MakeCardStoryViewController.swift */,
				5DDD60EF28853EC40077742D /* MakeCardDescriptionViewController.swift */,
				5DDD60F128853FC80077742D /* PhotoCollectionCell.swift */,
				5DDD60F92885CBE50077742D /* KeywordCollectionCell.swift */,
				5DDD60F528854AEE0077742D /* MakeCard.storyboard */,
			);
			path = MakeCard;
			sourceTree = "<group>";
		};
		22B25D80288E7FB100936EAD /* Site */ = {
			isa = PBXGroup;
			children = (
				2241F12D288AB37F0044E704 /* SiteCell.swift */,
				2241F12A288AB37E0044E704 /* SiteCollectionView.storyboard */,
				2241F12B288AB37E0044E704 /* SiteModel.swift */,
				2241F12C288AB37E0044E704 /* SiteViewController.swift */,
			);
			path = Site;
			sourceTree = "<group>";
		};
		22B25D81288E7FC900936EAD /* CardDetail */ = {
			isa = PBXGroup;
			children = (
				2FE86704288E7258002242B0 /* CardDetailViewController.swift */,
				2FE866EA288E7060002242B0 /* CardDetailView.swift */,
				2FE866EC288E7060002242B0 /* ContentsCell.swift */,
				2FE866E9288E7060002242B0 /* HeaderView.swift */,
				2FE866ED288E7061002242B0 /* KeywordCell.swift */,
				2FE866E8288E7060002242B0 /* MapCell.swift */,
				2FE866F4288E7103002242B0 /* DummyData.swift */,
			);
			path = CardDetail;
			sourceTree = "<group>";
		};
		26D4EAE00CF428049DCF6A7B /* Pods */ = {
			isa = PBXGroup;
			children = (
				DA592800ABB67C10E0BDC69C /* Pods-Yetda.debug.xcconfig */,
				A865A8426A67AA1E49E256C4 /* Pods-Yetda.release.xcconfig */,
			);
			path = Pods;
			sourceTree = "<group>";
		};
		59B03FDE4B6B2CF887C6BC8D /* Frameworks */ = {
			isa = PBXGroup;
			children = (
				F20D45ACE0529691DB71925A /* Pods_Yetda.framework */,
			);
			name = Frameworks;
			sourceTree = "<group>";
		};
		736D28762885334400F95DFD /* OnBoarding */ = {
			isa = PBXGroup;
			children = (
				2241F11A288AB1900044E704 /* OnBoardingFirstStepController.swift */,
				2241F118288AB1900044E704 /* OnBoardingSecondStepController.swift */,
				2241F119288AB1900044E704 /* OnBoardingViewController.swift */,
			);
			path = OnBoarding;
			sourceTree = "<group>";
		};
/* End PBXGroup section */

/* Begin PBXNativeTarget section */
		224AAF3E28813A0F0053E66A /* Yetda */ = {
			isa = PBXNativeTarget;
			buildConfigurationList = 224AAF5628813A110053E66A /* Build configuration list for PBXNativeTarget "Yetda" */;
			buildPhases = (
				0C319D33326B145C8C60CB5A /* [CP] Check Pods Manifest.lock */,
				224AAF3B28813A0F0053E66A /* Sources */,
				224AAF3C28813A0F0053E66A /* Frameworks */,
				224AAF3D28813A0F0053E66A /* Resources */,
				146DEDEF93899590EA103B0E /* [CP] Embed Pods Frameworks */,
			);
			buildRules = (
			);
			dependencies = (
			);
			name = Yetda;
			packageProductDependencies = (
				736D288E288673B000F95DFD /* RxCocoa */,
				736D2890288673B000F95DFD /* RxSwift */,
				7355FEE4288708B0009F32E3 /* YPImagePicker */,
				73215E15288FC32C003AD7E7 /* Hero */,
			);
			productName = Yetda;
			productReference = 224AAF3F28813A0F0053E66A /* Yetda.app */;
			productType = "com.apple.product-type.application";
		};
/* End PBXNativeTarget section */

/* Begin PBXProject section */
		224AAF3728813A0F0053E66A /* Project object */ = {
			isa = PBXProject;
			attributes = {
				BuildIndependentTargetsInParallel = 1;
				LastSwiftUpdateCheck = 1330;
				LastUpgradeCheck = 1330;
				TargetAttributes = {
					224AAF3E28813A0F0053E66A = {
						CreatedOnToolsVersion = 13.3;
					};
				};
			};
			buildConfigurationList = 224AAF3A28813A0F0053E66A /* Build configuration list for PBXProject "Yetda" */;
			compatibilityVersion = "Xcode 13.0";
			developmentRegion = en;
			hasScannedForEncodings = 0;
			knownRegions = (
				en,
				Base,
				ko,
			);
			mainGroup = 224AAF3628813A0F0053E66A;
			packageReferences = (
				736D288D288673B000F95DFD /* XCRemoteSwiftPackageReference "RxSwift" */,
				7355FEE3288708B0009F32E3 /* XCRemoteSwiftPackageReference "YPImagePicker" */,
				73215E14288FC32C003AD7E7 /* XCRemoteSwiftPackageReference "Hero" */,
			);
			productRefGroup = 224AAF4028813A0F0053E66A /* Products */;
			projectDirPath = "";
			projectRoot = "";
			targets = (
				224AAF3E28813A0F0053E66A /* Yetda */,
			);
		};
/* End PBXProject section */

/* Begin PBXResourcesBuildPhase section */
		224AAF3D28813A0F0053E66A /* Resources */ = {
			isa = PBXResourcesBuildPhase;
			buildActionMask = 2147483647;
			files = (
				22EEF862288FE13F0046ECB8 /* Home.storyboard in Resources */,
				2241F12E288AB37F0044E704 /* SiteCollectionView.storyboard in Resources */,
				13E7EE63288ABD9F001090EC /* LocalizingFile.strings in Resources */,
				2241F125288AB2010044E704 /* SpoqaHanSansNeo-Regular.ttf in Resources */,
				224AAF5228813A110053E66A /* LaunchScreen.storyboard in Resources */,
				6E94A3E328853C380076E703 /* DidPresent.storyboard in Resources */,
				224AAF4F28813A110053E66A /* Assets.xcassets in Resources */,
				224AAF4A28813A0F0053E66A /* Main.storyboard in Resources */,
				2241F128288AB2010044E704 /* SpoqaHanSansNeo-Bold.ttf in Resources */,
				2241F126288AB2010044E704 /* SpoqaHanSansNeo-Medium.ttf in Resources */,
				2241F129288AB2010044E704 /* SpoqaHanSansNeo-Thin.ttf in Resources */,
				2241F127288AB2010044E704 /* SpoqaHanSansNeo-Light.ttf in Resources */,
				6E94A3DF28853B500076E703 /* DidCardShare.storyboard in Resources */,
				5DA0A056288A82DC00066653 /* MakeCard.storyboard in Resources */,
				22E1AD49288FDAAD0031E911 /* GoogleService-Info.plist in Resources */,
				22950155288FB87F0050BE44 /* GoogleService-Info.plist in Resources */,
			);
			runOnlyForDeploymentPostprocessing = 0;
		};
/* End PBXResourcesBuildPhase section */

/* Begin PBXShellScriptBuildPhase section */
		0C319D33326B145C8C60CB5A /* [CP] Check Pods Manifest.lock */ = {
			isa = PBXShellScriptBuildPhase;
			buildActionMask = 2147483647;
			files = (
			);
			inputFileListPaths = (
			);
			inputPaths = (
				"${PODS_PODFILE_DIR_PATH}/Podfile.lock",
				"${PODS_ROOT}/Manifest.lock",
			);
			name = "[CP] Check Pods Manifest.lock";
			outputFileListPaths = (
			);
			outputPaths = (
				"$(DERIVED_FILE_DIR)/Pods-Yetda-checkManifestLockResult.txt",
			);
			runOnlyForDeploymentPostprocessing = 0;
			shellPath = /bin/sh;
			shellScript = "diff \"${PODS_PODFILE_DIR_PATH}/Podfile.lock\" \"${PODS_ROOT}/Manifest.lock\" > /dev/null\nif [ $? != 0 ] ; then\n    # print error to STDERR\n    echo \"error: The sandbox is not in sync with the Podfile.lock. Run 'pod install' or update your CocoaPods installation.\" >&2\n    exit 1\nfi\n# This output is used by Xcode 'outputs' to avoid re-running this script phase.\necho \"SUCCESS\" > \"${SCRIPT_OUTPUT_FILE_0}\"\n";
			showEnvVarsInLog = 0;
		};
		146DEDEF93899590EA103B0E /* [CP] Embed Pods Frameworks */ = {
			isa = PBXShellScriptBuildPhase;
			buildActionMask = 2147483647;
			files = (
			);
			inputFileListPaths = (
				"${PODS_ROOT}/Target Support Files/Pods-Yetda/Pods-Yetda-frameworks-${CONFIGURATION}-input-files.xcfilelist",
			);
			name = "[CP] Embed Pods Frameworks";
			outputFileListPaths = (
				"${PODS_ROOT}/Target Support Files/Pods-Yetda/Pods-Yetda-frameworks-${CONFIGURATION}-output-files.xcfilelist",
			);
			runOnlyForDeploymentPostprocessing = 0;
			shellPath = /bin/sh;
			shellScript = "\"${PODS_ROOT}/Target Support Files/Pods-Yetda/Pods-Yetda-frameworks.sh\"\n";
			showEnvVarsInLog = 0;
		};
/* End PBXShellScriptBuildPhase section */

/* Begin PBXSourcesBuildPhase section */
		224AAF3B28813A0F0053E66A /* Sources */ = {
			isa = PBXSourcesBuildPhase;
			buildActionMask = 2147483647;
			files = (
				2FE866F2288E7061002242B0 /* ContentsCell.swift in Sources */,
				736D2889288547F000F95DFD /* CardListView.swift in Sources */,
				2241F11D288AB1900044E704 /* OnBoardingFirstStepController.swift in Sources */,
				6E94A3E528853C4A0076E703 /* DidPresentViewController.swift in Sources */,
				5DDD60FA2885CBE50077742D /* KeywordCollectionCell.swift in Sources */,
				6E27CDAC288E61E9009B9691 /* ShareButton+Extension.swift in Sources */,
				2241F11C288AB1900044E704 /* OnBoardingViewController.swift in Sources */,
				736D28742885331D00F95DFD /* CardCell.swift in Sources */,
				2FE866F5288E7103002242B0 /* DummyData.swift in Sources */,
				22801DA628912553009B955E /* Present.swift in Sources */,
				2FE866F0288E7061002242B0 /* CardDetailView.swift in Sources */,
				2241F12F288AB37F0044E704 /* SiteModel.swift in Sources */,
				2FE86705288E7258002242B0 /* CardDetailViewController.swift in Sources */,
				2241F11B288AB1900044E704 /* OnBoardingSecondStepController.swift in Sources */,
				736D288C28854CAE00F95DFD /* CardListViewModel.swift in Sources */,
				224AAF4728813A0F0053E66A /* ViewController.swift in Sources */,
				5DDD60F228853FC80077742D /* PhotoCollectionCell.swift in Sources */,
				2FE866F3288E7061002242B0 /* KeywordCell.swift in Sources */,
				736D28872885434800F95DFD /* HomeViewController.swift in Sources */,
				2241F130288AB37F0044E704 /* SiteViewController.swift in Sources */,
				224AAF4328813A0F0053E66A /* AppDelegate.swift in Sources */,
				5DDD60F028853EC40077742D /* MakeCardDescriptionViewController.swift in Sources */,
				6E27CDAE288E621F009B9691 /* AbleShareKaKao.swift in Sources */,
				2FE866EE288E7061002242B0 /* MapCell.swift in Sources */,
				6E94A3E128853B8F0076E703 /* DidCardShareViewController.swift in Sources */,
				5DB7C00B2888552F003BB5EF /* MakeCardStoryViewController.swift in Sources */,
				224AAF4528813A0F0053E66A /* SceneDelegate.swift in Sources */,
				2241F131288AB37F0044E704 /* SiteCell.swift in Sources */,
				2FE866EF288E7061002242B0 /* HeaderView.swift in Sources */,
			);
			runOnlyForDeploymentPostprocessing = 0;
		};
/* End PBXSourcesBuildPhase section */

/* Begin PBXVariantGroup section */
		13E7EE65288ABD9F001090EC /* LocalizingFile.strings */ = {
			isa = PBXVariantGroup;
			children = (
				13E7EE64288ABD9F001090EC /* ko */,
				13E7EE66288ABDA6001090EC /* en */,
			);
			name = LocalizingFile.strings;
			sourceTree = "<group>";
		};
		224AAF4828813A0F0053E66A /* Main.storyboard */ = {
			isa = PBXVariantGroup;
			children = (
				224AAF4928813A0F0053E66A /* Base */,
				13E7EE61288ABD7F001090EC /* ko */,
			);
			name = Main.storyboard;
			sourceTree = "<group>";
		};
		224AAF5028813A110053E66A /* LaunchScreen.storyboard */ = {
			isa = PBXVariantGroup;
			children = (
				224AAF5128813A110053E66A /* Base */,
				13E7EE62288ABD7F001090EC /* ko */,
			);
			name = LaunchScreen.storyboard;
			sourceTree = "<group>";
		};
/* End PBXVariantGroup section */

/* Begin XCBuildConfiguration section */
		224AAF5428813A110053E66A /* Debug */ = {
			isa = XCBuildConfiguration;
			buildSettings = {
				ALWAYS_SEARCH_USER_PATHS = NO;
				CLANG_ANALYZER_LOCALIZABILITY_NONLOCALIZED = YES;
				CLANG_ANALYZER_NONNULL = YES;
				CLANG_ANALYZER_NUMBER_OBJECT_CONVERSION = YES_AGGRESSIVE;
				CLANG_CXX_LANGUAGE_STANDARD = "gnu++17";
				CLANG_ENABLE_MODULES = YES;
				CLANG_ENABLE_OBJC_ARC = YES;
				CLANG_ENABLE_OBJC_WEAK = YES;
				CLANG_WARN_BLOCK_CAPTURE_AUTORELEASING = YES;
				CLANG_WARN_BOOL_CONVERSION = YES;
				CLANG_WARN_COMMA = YES;
				CLANG_WARN_CONSTANT_CONVERSION = YES;
				CLANG_WARN_DEPRECATED_OBJC_IMPLEMENTATIONS = YES;
				CLANG_WARN_DIRECT_OBJC_ISA_USAGE = YES_ERROR;
				CLANG_WARN_DOCUMENTATION_COMMENTS = YES;
				CLANG_WARN_EMPTY_BODY = YES;
				CLANG_WARN_ENUM_CONVERSION = YES;
				CLANG_WARN_INFINITE_RECURSION = YES;
				CLANG_WARN_INT_CONVERSION = YES;
				CLANG_WARN_NON_LITERAL_NULL_CONVERSION = YES;
				CLANG_WARN_OBJC_IMPLICIT_RETAIN_SELF = YES;
				CLANG_WARN_OBJC_LITERAL_CONVERSION = YES;
				CLANG_WARN_OBJC_ROOT_CLASS = YES_ERROR;
				CLANG_WARN_QUOTED_INCLUDE_IN_FRAMEWORK_HEADER = YES;
				CLANG_WARN_RANGE_LOOP_ANALYSIS = YES;
				CLANG_WARN_STRICT_PROTOTYPES = YES;
				CLANG_WARN_SUSPICIOUS_MOVE = YES;
				CLANG_WARN_UNGUARDED_AVAILABILITY = YES_AGGRESSIVE;
				CLANG_WARN_UNREACHABLE_CODE = YES;
				CLANG_WARN__DUPLICATE_METHOD_MATCH = YES;
				COPY_PHASE_STRIP = NO;
				DEBUG_INFORMATION_FORMAT = dwarf;
				ENABLE_STRICT_OBJC_MSGSEND = YES;
				ENABLE_TESTABILITY = YES;
				GCC_C_LANGUAGE_STANDARD = gnu11;
				GCC_DYNAMIC_NO_PIC = NO;
				GCC_NO_COMMON_BLOCKS = YES;
				GCC_OPTIMIZATION_LEVEL = 0;
				GCC_PREPROCESSOR_DEFINITIONS = (
					"DEBUG=1",
					"$(inherited)",
				);
				GCC_WARN_64_TO_32_BIT_CONVERSION = YES;
				GCC_WARN_ABOUT_RETURN_TYPE = YES_ERROR;
				GCC_WARN_UNDECLARED_SELECTOR = YES;
				GCC_WARN_UNINITIALIZED_AUTOS = YES_AGGRESSIVE;
				GCC_WARN_UNUSED_FUNCTION = YES;
				GCC_WARN_UNUSED_VARIABLE = YES;
				IPHONEOS_DEPLOYMENT_TARGET = 15.4;
				MTL_ENABLE_DEBUG_INFO = INCLUDE_SOURCE;
				MTL_FAST_MATH = YES;
				ONLY_ACTIVE_ARCH = YES;
				SDKROOT = iphoneos;
				SWIFT_ACTIVE_COMPILATION_CONDITIONS = DEBUG;
				SWIFT_OPTIMIZATION_LEVEL = "-Onone";
			};
			name = Debug;
		};
		224AAF5528813A110053E66A /* Release */ = {
			isa = XCBuildConfiguration;
			buildSettings = {
				ALWAYS_SEARCH_USER_PATHS = NO;
				CLANG_ANALYZER_LOCALIZABILITY_NONLOCALIZED = YES;
				CLANG_ANALYZER_NONNULL = YES;
				CLANG_ANALYZER_NUMBER_OBJECT_CONVERSION = YES_AGGRESSIVE;
				CLANG_CXX_LANGUAGE_STANDARD = "gnu++17";
				CLANG_ENABLE_MODULES = YES;
				CLANG_ENABLE_OBJC_ARC = YES;
				CLANG_ENABLE_OBJC_WEAK = YES;
				CLANG_WARN_BLOCK_CAPTURE_AUTORELEASING = YES;
				CLANG_WARN_BOOL_CONVERSION = YES;
				CLANG_WARN_COMMA = YES;
				CLANG_WARN_CONSTANT_CONVERSION = YES;
				CLANG_WARN_DEPRECATED_OBJC_IMPLEMENTATIONS = YES;
				CLANG_WARN_DIRECT_OBJC_ISA_USAGE = YES_ERROR;
				CLANG_WARN_DOCUMENTATION_COMMENTS = YES;
				CLANG_WARN_EMPTY_BODY = YES;
				CLANG_WARN_ENUM_CONVERSION = YES;
				CLANG_WARN_INFINITE_RECURSION = YES;
				CLANG_WARN_INT_CONVERSION = YES;
				CLANG_WARN_NON_LITERAL_NULL_CONVERSION = YES;
				CLANG_WARN_OBJC_IMPLICIT_RETAIN_SELF = YES;
				CLANG_WARN_OBJC_LITERAL_CONVERSION = YES;
				CLANG_WARN_OBJC_ROOT_CLASS = YES_ERROR;
				CLANG_WARN_QUOTED_INCLUDE_IN_FRAMEWORK_HEADER = YES;
				CLANG_WARN_RANGE_LOOP_ANALYSIS = YES;
				CLANG_WARN_STRICT_PROTOTYPES = YES;
				CLANG_WARN_SUSPICIOUS_MOVE = YES;
				CLANG_WARN_UNGUARDED_AVAILABILITY = YES_AGGRESSIVE;
				CLANG_WARN_UNREACHABLE_CODE = YES;
				CLANG_WARN__DUPLICATE_METHOD_MATCH = YES;
				COPY_PHASE_STRIP = NO;
				DEBUG_INFORMATION_FORMAT = "dwarf-with-dsym";
				ENABLE_NS_ASSERTIONS = NO;
				ENABLE_STRICT_OBJC_MSGSEND = YES;
				GCC_C_LANGUAGE_STANDARD = gnu11;
				GCC_NO_COMMON_BLOCKS = YES;
				GCC_WARN_64_TO_32_BIT_CONVERSION = YES;
				GCC_WARN_ABOUT_RETURN_TYPE = YES_ERROR;
				GCC_WARN_UNDECLARED_SELECTOR = YES;
				GCC_WARN_UNINITIALIZED_AUTOS = YES_AGGRESSIVE;
				GCC_WARN_UNUSED_FUNCTION = YES;
				GCC_WARN_UNUSED_VARIABLE = YES;
				IPHONEOS_DEPLOYMENT_TARGET = 15.4;
				MTL_ENABLE_DEBUG_INFO = NO;
				MTL_FAST_MATH = YES;
				SDKROOT = iphoneos;
				SWIFT_COMPILATION_MODE = wholemodule;
				SWIFT_OPTIMIZATION_LEVEL = "-O";
				VALIDATE_PRODUCT = YES;
			};
			name = Release;
		};
		224AAF5728813A110053E66A /* Debug */ = {
			isa = XCBuildConfiguration;
			baseConfigurationReference = DA592800ABB67C10E0BDC69C /* Pods-Yetda.debug.xcconfig */;
			buildSettings = {
				ASSETCATALOG_COMPILER_APPICON_NAME = AppIcon;
				ASSETCATALOG_COMPILER_GLOBAL_ACCENT_COLOR_NAME = AccentColor;
				CODE_SIGN_ENTITLEMENTS = Yetda/Yetda.entitlements;
				CODE_SIGN_STYLE = Automatic;
				CURRENT_PROJECT_VERSION = 1;
				DEVELOPMENT_TEAM = JASCMY8XL7;
				"EXCLUDED_ARCHS[sdk=iphonesimulator*]" = arm64;
				GENERATE_INFOPLIST_FILE = YES;
				INFOPLIST_FILE = Yetda/Info.plist;
				INFOPLIST_KEY_NSCameraUsageDescription = "";
				INFOPLIST_KEY_NSPhotoLibraryUsageDescription = "";
				INFOPLIST_KEY_UIApplicationSupportsIndirectInputEvents = YES;
				INFOPLIST_KEY_UILaunchStoryboardName = LaunchScreen;
				INFOPLIST_KEY_UIMainStoryboardFile = Main;
				INFOPLIST_KEY_UISupportedInterfaceOrientations_iPad = "UIInterfaceOrientationPortrait UIInterfaceOrientationPortraitUpsideDown UIInterfaceOrientationLandscapeLeft UIInterfaceOrientationLandscapeRight";
				INFOPLIST_KEY_UISupportedInterfaceOrientations_iPhone = "UIInterfaceOrientationPortrait UIInterfaceOrientationLandscapeLeft UIInterfaceOrientationLandscapeRight";
				LD_RUNPATH_SEARCH_PATHS = (
					"$(inherited)",
					"@executable_path/Frameworks",
				);
				MARKETING_VERSION = 1.0;
				PRODUCT_BUNDLE_IDENTIFIER = sdd.com.Yetda;
				PRODUCT_NAME = "$(TARGET_NAME)";
				SWIFT_EMIT_LOC_STRINGS = YES;
				SWIFT_VERSION = 5.0;
				TARGETED_DEVICE_FAMILY = "1,2";
				VALID_ARCHS = "$(ARCHS_STANDARD)";
			};
			name = Debug;
		};
		224AAF5828813A110053E66A /* Release */ = {
			isa = XCBuildConfiguration;
			baseConfigurationReference = A865A8426A67AA1E49E256C4 /* Pods-Yetda.release.xcconfig */;
			buildSettings = {
				ASSETCATALOG_COMPILER_APPICON_NAME = AppIcon;
				ASSETCATALOG_COMPILER_GLOBAL_ACCENT_COLOR_NAME = AccentColor;
				CODE_SIGN_ENTITLEMENTS = Yetda/Yetda.entitlements;
				CODE_SIGN_STYLE = Automatic;
				CURRENT_PROJECT_VERSION = 1;
				DEVELOPMENT_TEAM = JASCMY8XL7;
				"EXCLUDED_ARCHS[sdk=iphonesimulator*]" = arm64;
				GENERATE_INFOPLIST_FILE = YES;
				INFOPLIST_FILE = Yetda/Info.plist;
				INFOPLIST_KEY_NSCameraUsageDescription = "";
				INFOPLIST_KEY_NSPhotoLibraryUsageDescription = "";
				INFOPLIST_KEY_UIApplicationSupportsIndirectInputEvents = YES;
				INFOPLIST_KEY_UILaunchStoryboardName = LaunchScreen;
				INFOPLIST_KEY_UIMainStoryboardFile = Main;
				INFOPLIST_KEY_UISupportedInterfaceOrientations_iPad = "UIInterfaceOrientationPortrait UIInterfaceOrientationPortraitUpsideDown UIInterfaceOrientationLandscapeLeft UIInterfaceOrientationLandscapeRight";
				INFOPLIST_KEY_UISupportedInterfaceOrientations_iPhone = "UIInterfaceOrientationPortrait UIInterfaceOrientationLandscapeLeft UIInterfaceOrientationLandscapeRight";
				LD_RUNPATH_SEARCH_PATHS = (
					"$(inherited)",
					"@executable_path/Frameworks",
				);
				MARKETING_VERSION = 1.0;
				ONLY_ACTIVE_ARCH = YES;
				PRODUCT_BUNDLE_IDENTIFIER = sdd.com.Yetda;
				PRODUCT_NAME = "$(TARGET_NAME)";
				SWIFT_EMIT_LOC_STRINGS = YES;
				SWIFT_VERSION = 5.0;
				TARGETED_DEVICE_FAMILY = "1,2";
				VALID_ARCHS = "$(ARCHS_STANDARD)";
			};
			name = Release;
		};
/* End XCBuildConfiguration section */

/* Begin XCConfigurationList section */
		224AAF3A28813A0F0053E66A /* Build configuration list for PBXProject "Yetda" */ = {
			isa = XCConfigurationList;
			buildConfigurations = (
				224AAF5428813A110053E66A /* Debug */,
				224AAF5528813A110053E66A /* Release */,
			);
			defaultConfigurationIsVisible = 0;
			defaultConfigurationName = Release;
		};
		224AAF5628813A110053E66A /* Build configuration list for PBXNativeTarget "Yetda" */ = {
			isa = XCConfigurationList;
			buildConfigurations = (
				224AAF5728813A110053E66A /* Debug */,
				224AAF5828813A110053E66A /* Release */,
			);
			defaultConfigurationIsVisible = 0;
			defaultConfigurationName = Release;
		};
/* End XCConfigurationList section */

/* Begin XCRemoteSwiftPackageReference section */
		73215E14288FC32C003AD7E7 /* XCRemoteSwiftPackageReference "Hero" */ = {
			isa = XCRemoteSwiftPackageReference;
			repositoryURL = "https://github.com/HeroTransitions/Hero";
			requirement = {
				branch = develop;
				kind = branch;
			};
		};
		7355FEE3288708B0009F32E3 /* XCRemoteSwiftPackageReference "YPImagePicker" */ = {
			isa = XCRemoteSwiftPackageReference;
			repositoryURL = "https://github.com/Yummypets/YPImagePicker";
			requirement = {
				kind = upToNextMajorVersion;
				minimumVersion = 5.0.0;
			};
		};
		736D288D288673B000F95DFD /* XCRemoteSwiftPackageReference "RxSwift" */ = {
			isa = XCRemoteSwiftPackageReference;
			repositoryURL = "https://github.com/ReactiveX/RxSwift/";
			requirement = {
				branch = main;
				kind = branch;
			};
		};
/* End XCRemoteSwiftPackageReference section */

/* Begin XCSwiftPackageProductDependency section */
		73215E15288FC32C003AD7E7 /* Hero */ = {
			isa = XCSwiftPackageProductDependency;
			package = 73215E14288FC32C003AD7E7 /* XCRemoteSwiftPackageReference "Hero" */;
			productName = Hero;
		};
		7355FEE4288708B0009F32E3 /* YPImagePicker */ = {
			isa = XCSwiftPackageProductDependency;
			package = 7355FEE3288708B0009F32E3 /* XCRemoteSwiftPackageReference "YPImagePicker" */;
			productName = YPImagePicker;
		};
		736D288E288673B000F95DFD /* RxCocoa */ = {
			isa = XCSwiftPackageProductDependency;
			package = 736D288D288673B000F95DFD /* XCRemoteSwiftPackageReference "RxSwift" */;
			productName = RxCocoa;
		};
		736D2890288673B000F95DFD /* RxSwift */ = {
			isa = XCSwiftPackageProductDependency;
			package = 736D288D288673B000F95DFD /* XCRemoteSwiftPackageReference "RxSwift" */;
			productName = RxSwift;
		};
/* End XCSwiftPackageProductDependency section */
	};
	rootObject = 224AAF3728813A0F0053E66A /* Project object */;
}
